
Microsoft Visual Studio Solution File, Format Version 12.00
# Visual Studio Version 17
VisualStudioVersion = 17.3.32901.215
MinimumVisualStudioVersion = 10.0.40219.1
Project("{9A19103F-16F7-4668-BE54-9A1E7A4F7556}") = "EEXI.EEXIconsole", "EEXI.Console\EEXI.EEXIconsole.csproj", "{4007A77C-4AB6-45B3-88BC-215DE175A4D1}"
	ProjectSection(ProjectDependencies) = postProject
		{C42BDC3A-C8B6-45C6-BA35-762E8C39452A} = {C42BDC3A-C8B6-45C6-BA35-762E8C39452A}
	EndProjectSection
EndProject
Project("{9A19103F-16F7-4668-BE54-9A1E7A4F7556}") = "EEXI.Tests", "EEXI.Tests\EEXI.Tests.csproj", "{8C614BE1-F2C0-4575-AAE0-F6D5E242DEF7}"
	ProjectSection(ProjectDependencies) = postProject
		{B10C31AF-E753-4E3B-BEBD-2B8F23A4DCBB} = {B10C31AF-E753-4E3B-BEBD-2B8F23A4DCBB}
	EndProjectSection
EndProject
Project("{9A19103F-16F7-4668-BE54-9A1E7A4F7556}") = "EEXI.Persistence", "EEXI.Persistence\EEXI.Persistence.csproj", "{8D1B638D-31A4-4711-A1C2-59B4365D0CBA}"
EndProject
Project("{9A19103F-16F7-4668-BE54-9A1E7A4F7556}") = "EEXI.Domain", "EEXI.Domain\EEXI.Domain.csproj", "{C42BDC3A-C8B6-45C6-BA35-762E8C39452A}"
EndProject
Project("{9A19103F-16F7-4668-BE54-9A1E7A4F7556}") = "EEXI.WinForm", "EEXI.WinForm\EEXI.WinForm.csproj", "{B10C31AF-E753-4E3B-BEBD-2B8F23A4DCBB}"
	ProjectSection(ProjectDependencies) = postProject
		{8D1B638D-31A4-4711-A1C2-59B4365D0CBA} = {8D1B638D-31A4-4711-A1C2-59B4365D0CBA}
		{C42BDC3A-C8B6-45C6-BA35-762E8C39452A} = {C42BDC3A-C8B6-45C6-BA35-762E8C39452A}
	EndProjectSection
EndProject
Global
	GlobalSection(SolutionConfigurationPlatforms) = preSolution
		Debug|Any CPU = Debug|Any CPU
		Release|Any CPU = Release|Any CPU
	EndGlobalSection
	GlobalSection(ProjectConfigurationPlatforms) = postSolution
		{4007A77C-4AB6-45B3-88BC-215DE175A4D1}.Debug|Any CPU.ActiveCfg = Debug|Any CPU
		{4007A77C-4AB6-45B3-88BC-215DE175A4D1}.Debug|Any CPU.Build.0 = Debug|Any CPU
		{4007A77C-4AB6-45B3-88BC-215DE175A4D1}.Release|Any CPU.ActiveCfg = Release|Any CPU
		{4007A77C-4AB6-45B3-88BC-215DE175A4D1}.Release|Any CPU.Build.0 = Release|Any CPU
		{8C614BE1-F2C0-4575-AAE0-F6D5E242DEF7}.Debug|Any CPU.ActiveCfg = Debug|Any CPU
		{8C614BE1-F2C0-4575-AAE0-F6D5E242DEF7}.Debug|Any CPU.Build.0 = Debug|Any CPU
		{8C614BE1-F2C0-4575-AAE0-F6D5E242DEF7}.Release|Any CPU.ActiveCfg = Release|Any CPU
		{8C614BE1-F2C0-4575-AAE0-F6D5E242DEF7}.Release|Any CPU.Build.0 = Release|Any CPU
		{8D1B638D-31A4-4711-A1C2-59B4365D0CBA}.Debug|Any CPU.ActiveCfg = Debug|Any CPU
		{8D1B638D-31A4-4711-A1C2-59B4365D0CBA}.Debug|Any CPU.Build.0 = Debug|Any CPU
		{8D1B638D-31A4-4711-A1C2-59B4365D0CBA}.Release|Any CPU.ActiveCfg = Release|Any CPU
		{8D1B638D-31A4-4711-A1C2-59B4365D0CBA}.Release|Any CPU.Build.0 = Release|Any CPU
		{C42BDC3A-C8B6-45C6-BA35-762E8C39452A}.Debug|Any CPU.ActiveCfg = Debug|Any CPU
		{C42BDC3A-C8B6-45C6-BA35-762E8C39452A}.Debug|Any CPU.Build.0 = Debug|Any CPU
		{C42BDC3A-C8B6-45C6-BA35-762E8C39452A}.Release|Any CPU.ActiveCfg = Release|Any CPU
		{C42BDC3A-C8B6-45C6-BA35-762E8C39452A}.Release|Any CPU.Build.0 = Release|Any CPU
		{B10C31AF-E753-4E3B-BEBD-2B8F23A4DCBB}.Debug|Any CPU.ActiveCfg = Debug|Any CPU
		{B10C31AF-E753-4E3B-BEBD-2B8F23A4DCBB}.Debug|Any CPU.Build.0 = Debug|Any CPU
		{B10C31AF-E753-4E3B-BEBD-2B8F23A4DCBB}.Release|Any CPU.ActiveCfg = Release|Any CPU
		{B10C31AF-E753-4E3B-BEBD-2B8F23A4DCBB}.Release|Any CPU.Build.0 = Release|Any CPU
	EndGlobalSection
	GlobalSection(SolutionProperties) = preSolution
		HideSolutionNode = FALSE
	EndGlobalSection
	GlobalSection(ExtensibilityGlobals) = postSolution
		SolutionGuid = {BF417D1E-A505-49F3-94CD-2FE112F4F60B}
	EndGlobalSection
EndGlobal
