
Microsoft Visual Studio Solution File, Format Version 12.00
# Visual Studio Version 17
VisualStudioVersion = 17.3.32901.215
MinimumVisualStudioVersion = 10.0.40219.1
Project("{9A19103F-16F7-4668-BE54-9A1E7A4F7556}") = "EEXI.EEXIconsole", "EEXI.Console\EEXI.EEXIconsole.csproj", "{4007A77C-4AB6-45B3-88BC-215DE175A4D1}"
EndProject
Project("{9A19103F-16F7-4668-BE54-9A1E7A4F7556}") = "Domain", "Domain\Domain.csproj", "{A1FAECD2-B313-48AB-AD6C-DF853B183B9F}"
EndProject
Project("{9A19103F-16F7-4668-BE54-9A1E7A4F7556}") = "Persistence", "Persistence\Persistence.csproj", "{9CDCF7BD-601C-4458-9836-7894E79F2283}"
EndProject
Project("{FAE04EC0-301F-11D3-BF4B-00C04F79EFBC}") = "EEXI.Tests", "EEXI.Tests\EEXI.Tests.csproj", "{8C614BE1-F2C0-4575-AAE0-F6D5E242DEF7}"
	ProjectSection(ProjectDependencies) = postProject
		{9CDCF7BD-601C-4458-9836-7894E79F2283} = {9CDCF7BD-601C-4458-9836-7894E79F2283}
		{A1FAECD2-B313-48AB-AD6C-DF853B183B9F} = {A1FAECD2-B313-48AB-AD6C-DF853B183B9F}
	EndProjectSection
EndProject
Global
	GlobalSection(SolutionConfigurationPlatforms) = preSolution
		Debug|Any CPU = Debug|Any CPU
		Release|Any CPU = Release|Any CPU
	EndGlobalSection
	GlobalSection(ProjectConfigurationPlatforms) = postSolution
		{4007A77C-4AB6-45B3-88BC-215DE175A4D1}.Debug|Any CPU.ActiveCfg = Debug|Any CPU
		{4007A77C-4AB6-45B3-88BC-215DE175A4D1}.Debug|Any CPU.Build.0 = Debug|Any CPU
		{4007A77C-4AB6-45B3-88BC-215DE175A4D1}.Release|Any CPU.ActiveCfg = Release|Any CPU
		{4007A77C-4AB6-45B3-88BC-215DE175A4D1}.Release|Any CPU.Build.0 = Release|Any CPU
		{A1FAECD2-B313-48AB-AD6C-DF853B183B9F}.Debug|Any CPU.ActiveCfg = Debug|Any CPU
		{A1FAECD2-B313-48AB-AD6C-DF853B183B9F}.Debug|Any CPU.Build.0 = Debug|Any CPU
		{A1FAECD2-B313-48AB-AD6C-DF853B183B9F}.Release|Any CPU.ActiveCfg = Release|Any CPU
		{A1FAECD2-B313-48AB-AD6C-DF853B183B9F}.Release|Any CPU.Build.0 = Release|Any CPU
		{9CDCF7BD-601C-4458-9836-7894E79F2283}.Debug|Any CPU.ActiveCfg = Debug|Any CPU
		{9CDCF7BD-601C-4458-9836-7894E79F2283}.Debug|Any CPU.Build.0 = Debug|Any CPU
		{9CDCF7BD-601C-4458-9836-7894E79F2283}.Release|Any CPU.ActiveCfg = Release|Any CPU
		{9CDCF7BD-601C-4458-9836-7894E79F2283}.Release|Any CPU.Build.0 = Release|Any CPU
		{8C614BE1-F2C0-4575-AAE0-F6D5E242DEF7}.Debug|Any CPU.ActiveCfg = Debug|Any CPU
		{8C614BE1-F2C0-4575-AAE0-F6D5E242DEF7}.Debug|Any CPU.Build.0 = Debug|Any CPU
		{8C614BE1-F2C0-4575-AAE0-F6D5E242DEF7}.Release|Any CPU.ActiveCfg = Release|Any CPU
		{8C614BE1-F2C0-4575-AAE0-F6D5E242DEF7}.Release|Any CPU.Build.0 = Release|Any CPU
	EndGlobalSection
	GlobalSection(SolutionProperties) = preSolution
		HideSolutionNode = FALSE
	EndGlobalSection
	GlobalSection(ExtensibilityGlobals) = postSolution
		SolutionGuid = {BF417D1E-A505-49F3-94CD-2FE112F4F60B}
	EndGlobalSection
EndGlobal
